
Microsoft Visual Studio Solution File, Format Version 12.00
# Visual Studio 15
VisualStudioVersion = 15.0.27421.1
MinimumVisualStudioVersion = 10.0.40219.1
Project("{9A19103F-16F7-4668-BE54-9A1E7A4F7556}") = "Phoneden.Web", "Phoneden.Web\Phoneden.Web.csproj", "{C6F1A746-14E6-40E8-9409-9DAEEF1B4823}"
EndProject
Project("{9A19103F-16F7-4668-BE54-9A1E7A4F7556}") = "Phoneden.Services", "Phoneden.Services\Phoneden.Services.csproj", "{CF0EF401-002E-4C67-906D-274952B0CA35}"
EndProject
Project("{9A19103F-16F7-4668-BE54-9A1E7A4F7556}") = "Phoneden.Entities", "Phoneden.Entities\Phoneden.Entities.csproj", "{BCC3BEA1-BCAA-4AE9-829C-F5ED80E478C5}"
EndProject
Project("{9A19103F-16F7-4668-BE54-9A1E7A4F7556}") = "Phoneden.ViewModels", "Phoneden.ViewModels\Phoneden.ViewModels.csproj", "{BE29B297-9EA9-4EC1-A2BA-1EA146C01351}"
EndProject
Project("{9A19103F-16F7-4668-BE54-9A1E7A4F7556}") = "Phoneden.DataAccess", "Phoneden.DataAccess\Phoneden.DataAccess.csproj", "{A36B4480-39A0-4F89-A029-72DB05255431}"
EndProject
Global
	GlobalSection(SolutionConfigurationPlatforms) = preSolution
		Debug|Any CPU = Debug|Any CPU
		Release|Any CPU = Release|Any CPU
	EndGlobalSection
	GlobalSection(ProjectConfigurationPlatforms) = postSolution
		{C6F1A746-14E6-40E8-9409-9DAEEF1B4823}.Debug|Any CPU.ActiveCfg = Debug|Any CPU
		{C6F1A746-14E6-40E8-9409-9DAEEF1B4823}.Debug|Any CPU.Build.0 = Debug|Any CPU
		{C6F1A746-14E6-40E8-9409-9DAEEF1B4823}.Release|Any CPU.ActiveCfg = Release|Any CPU
		{C6F1A746-14E6-40E8-9409-9DAEEF1B4823}.Release|Any CPU.Build.0 = Release|Any CPU
		{CF0EF401-002E-4C67-906D-274952B0CA35}.Debug|Any CPU.ActiveCfg = Debug|Any CPU
		{CF0EF401-002E-4C67-906D-274952B0CA35}.Debug|Any CPU.Build.0 = Debug|Any CPU
		{CF0EF401-002E-4C67-906D-274952B0CA35}.Release|Any CPU.ActiveCfg = Release|Any CPU
		{CF0EF401-002E-4C67-906D-274952B0CA35}.Release|Any CPU.Build.0 = Release|Any CPU
		{BCC3BEA1-BCAA-4AE9-829C-F5ED80E478C5}.Debug|Any CPU.ActiveCfg = Debug|Any CPU
		{BCC3BEA1-BCAA-4AE9-829C-F5ED80E478C5}.Debug|Any CPU.Build.0 = Debug|Any CPU
		{BCC3BEA1-BCAA-4AE9-829C-F5ED80E478C5}.Release|Any CPU.ActiveCfg = Release|Any CPU
		{BCC3BEA1-BCAA-4AE9-829C-F5ED80E478C5}.Release|Any CPU.Build.0 = Release|Any CPU
		{BE29B297-9EA9-4EC1-A2BA-1EA146C01351}.Debug|Any CPU.ActiveCfg = Debug|Any CPU
		{BE29B297-9EA9-4EC1-A2BA-1EA146C01351}.Debug|Any CPU.Build.0 = Debug|Any CPU
		{BE29B297-9EA9-4EC1-A2BA-1EA146C01351}.Release|Any CPU.ActiveCfg = Release|Any CPU
		{BE29B297-9EA9-4EC1-A2BA-1EA146C01351}.Release|Any CPU.Build.0 = Release|Any CPU
		{A36B4480-39A0-4F89-A029-72DB05255431}.Debug|Any CPU.ActiveCfg = Debug|Any CPU
		{A36B4480-39A0-4F89-A029-72DB05255431}.Debug|Any CPU.Build.0 = Debug|Any CPU
		{A36B4480-39A0-4F89-A029-72DB05255431}.Release|Any CPU.ActiveCfg = Release|Any CPU
		{A36B4480-39A0-4F89-A029-72DB05255431}.Release|Any CPU.Build.0 = Release|Any CPU
	EndGlobalSection
	GlobalSection(SolutionProperties) = preSolution
		HideSolutionNode = FALSE
	EndGlobalSection
	GlobalSection(ExtensibilityGlobals) = postSolution
		SolutionGuid = {0215F876-90B3-4CBF-BA15-D2A3F844F9DF}
	EndGlobalSection
EndGlobal
